# This file is automatically @generated by Cargo.
# It is not intended for manual editing.
version = 3

[[package]]
name = "fraction"
version = "0.1.0"
dependencies = [
 "tech",
]

[[package]]
name = "imaginary"
version = "0.1.0"
dependencies = [
 "tech",
]

[[package]]
name = "polynomial"
version = "0.1.0"
dependencies = [
 "tech",
]

[[package]]
name = "tech"
version = "0.1.0"
